
Microsoft Visual Studio Solution File, Format Version 12.00
# Visual Studio Version 17
VisualStudioVersion = 17.2.32526.322
MinimumVisualStudioVersion = 10.0.40219.1
Project("{FAE04EC0-301F-11D3-BF4B-00C04F79EFBC}") = "MVC_First_Demo", "MVC_First_Demo\MVC_First_Demo.csproj", "{DE299EC1-720F-4890-84E1-BF25BAEF11FC}"
EndProject
Global
	GlobalSection(SolutionConfigurationPlatforms) = preSolution
		Debug|Any CPU = Debug|Any CPU
		Release|Any CPU = Release|Any CPU
	EndGlobalSection
	GlobalSection(ProjectConfigurationPlatforms) = postSolution
		{DE299EC1-720F-4890-84E1-BF25BAEF11FC}.Debug|Any CPU.ActiveCfg = Debug|Any CPU
		{DE299EC1-720F-4890-84E1-BF25BAEF11FC}.Debug|Any CPU.Build.0 = Debug|Any CPU
		{DE299EC1-720F-4890-84E1-BF25BAEF11FC}.Release|Any CPU.ActiveCfg = Release|Any CPU
		{DE299EC1-720F-4890-84E1-BF25BAEF11FC}.Release|Any CPU.Build.0 = Release|Any CPU
	EndGlobalSection
	GlobalSection(SolutionProperties) = preSolution
		HideSolutionNode = FALSE
	EndGlobalSection
	GlobalSection(ExtensibilityGlobals) = postSolution
		SolutionGuid = {C0317606-C0B7-4856-99C3-D24B6C2D4CEB}
	EndGlobalSection
EndGlobal
